
Microsoft Visual Studio Solution File, Format Version 12.00
# Visual Studio 15
VisualStudioVersion = 15.0.26430.15
MinimumVisualStudioVersion = 10.0.40219.1
Project("{8BC9CEB8-8B4A-11D0-8D11-00A0C91BC942}") = "Kernel", "Kernel\Kernel.vcxproj", "{9891FF4D-007F-41CA-8783-B1DBF1906748}"
EndProject
Project("{8BC9CEB8-8B4A-11D0-8D11-00A0C91BC942}") = "EngineServer", "Server\EngineServer\EngineServer.vcxproj", "{DBD0086E-D2BD-414F-B247-CD4234765CA6}"
EndProject
Project("{8BC9CEB8-8B4A-11D0-8D11-00A0C91BC942}") = "EntryServer", "Server\EntryServer\EntryServer.vcxproj", "{01BF45B0-5F7F-46D9-9B9E-838E06EED624}"
EndProject
Project("{8BC9CEB8-8B4A-11D0-8D11-00A0C91BC942}") = "GameServer", "Server\GameServer\GameServer.vcxproj", "{6F9F8879-A9EF-48A8-BFE8-39CA25930A85}"
EndProject
Project("{2150E333-8FDC-42A3-9474-1A3956D46DE8}") = "Server", "Server", "{D30793E9-A451-44FC-BD49-02B4C55569E5}"
EndProject
Project("{2150E333-8FDC-42A3-9474-1A3956D46DE8}") = "Client", "Client", "{77283FFA-D3CF-4B5A-9C38-29EA741F8802}"
EndProject
Project("{8BC9CEB8-8B4A-11D0-8D11-00A0C91BC942}") = "Engine", "Client\Engine\Engine.vcxproj", "{947D03FD-F0EF-4042-ABA1-0C4E7F3B9D19}"
EndProject
Project("{8BC9CEB8-8B4A-11D0-8D11-00A0C91BC942}") = "Game", "Client\Game\Game.vcxproj", "{B84B7BB4-4C70-4B09-8DFA-59828A375569}"
EndProject
Global
	GlobalSection(SolutionConfigurationPlatforms) = preSolution
		Debug|x64 = Debug|x64
		Debug|x86 = Debug|x86
		Release|x64 = Release|x64
		Release|x86 = Release|x86
	EndGlobalSection
	GlobalSection(ProjectConfigurationPlatforms) = postSolution
		{9891FF4D-007F-41CA-8783-B1DBF1906748}.Debug|x64.ActiveCfg = Debug|x64
		{9891FF4D-007F-41CA-8783-B1DBF1906748}.Debug|x64.Build.0 = Debug|x64
		{9891FF4D-007F-41CA-8783-B1DBF1906748}.Debug|x86.ActiveCfg = Debug|Win32
		{9891FF4D-007F-41CA-8783-B1DBF1906748}.Debug|x86.Build.0 = Debug|Win32
		{9891FF4D-007F-41CA-8783-B1DBF1906748}.Release|x64.ActiveCfg = Release|x64
		{9891FF4D-007F-41CA-8783-B1DBF1906748}.Release|x64.Build.0 = Release|x64
		{9891FF4D-007F-41CA-8783-B1DBF1906748}.Release|x86.ActiveCfg = Release|Win32
		{9891FF4D-007F-41CA-8783-B1DBF1906748}.Release|x86.Build.0 = Release|Win32
		{DBD0086E-D2BD-414F-B247-CD4234765CA6}.Debug|x64.ActiveCfg = Debug|x64
		{DBD0086E-D2BD-414F-B247-CD4234765CA6}.Debug|x64.Build.0 = Debug|x64
		{DBD0086E-D2BD-414F-B247-CD4234765CA6}.Debug|x86.ActiveCfg = Debug|Win32
		{DBD0086E-D2BD-414F-B247-CD4234765CA6}.Debug|x86.Build.0 = Debug|Win32
		{DBD0086E-D2BD-414F-B247-CD4234765CA6}.Release|x64.ActiveCfg = Release|x64
		{DBD0086E-D2BD-414F-B247-CD4234765CA6}.Release|x64.Build.0 = Release|x64
		{DBD0086E-D2BD-414F-B247-CD4234765CA6}.Release|x86.ActiveCfg = Release|Win32
		{DBD0086E-D2BD-414F-B247-CD4234765CA6}.Release|x86.Build.0 = Release|Win32
		{01BF45B0-5F7F-46D9-9B9E-838E06EED624}.Debug|x64.ActiveCfg = Debug|x64
		{01BF45B0-5F7F-46D9-9B9E-838E06EED624}.Debug|x64.Build.0 = Debug|x64
		{01BF45B0-5F7F-46D9-9B9E-838E06EED624}.Debug|x86.ActiveCfg = Debug|Win32
		{01BF45B0-5F7F-46D9-9B9E-838E06EED624}.Debug|x86.Build.0 = Debug|Win32
		{01BF45B0-5F7F-46D9-9B9E-838E06EED624}.Release|x64.ActiveCfg = Release|x64
		{01BF45B0-5F7F-46D9-9B9E-838E06EED624}.Release|x64.Build.0 = Release|x64
		{01BF45B0-5F7F-46D9-9B9E-838E06EED624}.Release|x86.ActiveCfg = Release|Win32
		{01BF45B0-5F7F-46D9-9B9E-838E06EED624}.Release|x86.Build.0 = Release|Win32
		{6F9F8879-A9EF-48A8-BFE8-39CA25930A85}.Debug|x64.ActiveCfg = Debug|x64
		{6F9F8879-A9EF-48A8-BFE8-39CA25930A85}.Debug|x64.Build.0 = Debug|x64
		{6F9F8879-A9EF-48A8-BFE8-39CA25930A85}.Debug|x86.ActiveCfg = Debug|Win32
		{6F9F8879-A9EF-48A8-BFE8-39CA25930A85}.Debug|x86.Build.0 = Debug|Win32
		{6F9F8879-A9EF-48A8-BFE8-39CA25930A85}.Release|x64.ActiveCfg = Release|x64
		{6F9F8879-A9EF-48A8-BFE8-39CA25930A85}.Release|x64.Build.0 = Release|x64
		{6F9F8879-A9EF-48A8-BFE8-39CA25930A85}.Release|x86.ActiveCfg = Release|Win32
		{6F9F8879-A9EF-48A8-BFE8-39CA25930A85}.Release|x86.Build.0 = Release|Win32
		{947D03FD-F0EF-4042-ABA1-0C4E7F3B9D19}.Debug|x64.ActiveCfg = Debug|x64
		{947D03FD-F0EF-4042-ABA1-0C4E7F3B9D19}.Debug|x64.Build.0 = Debug|x64
		{947D03FD-F0EF-4042-ABA1-0C4E7F3B9D19}.Debug|x86.ActiveCfg = Debug|Win32
		{947D03FD-F0EF-4042-ABA1-0C4E7F3B9D19}.Debug|x86.Build.0 = Debug|Win32
		{947D03FD-F0EF-4042-ABA1-0C4E7F3B9D19}.Release|x64.ActiveCfg = Release|x64
		{947D03FD-F0EF-4042-ABA1-0C4E7F3B9D19}.Release|x64.Build.0 = Release|x64
		{947D03FD-F0EF-4042-ABA1-0C4E7F3B9D19}.Release|x86.ActiveCfg = Release|Win32
		{947D03FD-F0EF-4042-ABA1-0C4E7F3B9D19}.Release|x86.Build.0 = Release|Win32
		{B84B7BB4-4C70-4B09-8DFA-59828A375569}.Debug|x64.ActiveCfg = Debug|x64
		{B84B7BB4-4C70-4B09-8DFA-59828A375569}.Debug|x64.Build.0 = Debug|x64
		{B84B7BB4-4C70-4B09-8DFA-59828A375569}.Debug|x86.ActiveCfg = Debug|Win32
		{B84B7BB4-4C70-4B09-8DFA-59828A375569}.Debug|x86.Build.0 = Debug|Win32
		{B84B7BB4-4C70-4B09-8DFA-59828A375569}.Release|x64.ActiveCfg = Release|x64
		{B84B7BB4-4C70-4B09-8DFA-59828A375569}.Release|x64.Build.0 = Release|x64
		{B84B7BB4-4C70-4B09-8DFA-59828A375569}.Release|x86.ActiveCfg = Release|Win32
		{B84B7BB4-4C70-4B09-8DFA-59828A375569}.Release|x86.Build.0 = Release|Win32
	EndGlobalSection
	GlobalSection(SolutionProperties) = preSolution
		HideSolutionNode = FALSE
	EndGlobalSection
	GlobalSection(NestedProjects) = preSolution
		{DBD0086E-D2BD-414F-B247-CD4234765CA6} = {D30793E9-A451-44FC-BD49-02B4C55569E5}
		{01BF45B0-5F7F-46D9-9B9E-838E06EED624} = {D30793E9-A451-44FC-BD49-02B4C55569E5}
		{6F9F8879-A9EF-48A8-BFE8-39CA25930A85} = {D30793E9-A451-44FC-BD49-02B4C55569E5}
		{947D03FD-F0EF-4042-ABA1-0C4E7F3B9D19} = {77283FFA-D3CF-4B5A-9C38-29EA741F8802}
		{B84B7BB4-4C70-4B09-8DFA-59828A375569} = {77283FFA-D3CF-4B5A-9C38-29EA741F8802}
	EndGlobalSection
	GlobalSection(ExtensibilityGlobals) = postSolution
		SolutionGuid = {2E36BBE1-26A3-4140-9FD1-BCA97E4E3405}
	EndGlobalSection
EndGlobal
