<?xml version="1.0" encoding="utf-8"?>
<Project ToolsVersion="4.0" xmlns="http://schemas.microsoft.com/developer/msbuild/2003">
  <ItemGroup>
    <Filter Include="include">
      <UniqueIdentifier>{93995380-89BD-4b04-88EB-625FBE52EBFB}</UniqueIdentifier>
      <Extensions>h;hh;hpp;hxx;hm;inl;inc;xsd</Extensions>
    </Filter>
    <Filter Include="source">
      <UniqueIdentifier>{4FC737F1-C7A5-4376-A066-2A32D752A2FF}</UniqueIdentifier>
      <Extensions>cpp;c;cc;cxx;def;odl;idl;hpj;bat;asm;asmx</Extensions>
    </Filter>
  </ItemGroup>
  <ItemGroup>
    <ClCompile Include="main.cpp">
      <Filter>source</Filter>
    </ClCompile>
  </ItemGroup>
  <ItemGroup>
    <ClInclude Include="include\aabbox3d.h">
      <Filter>include</Filter>
    </ClInclude>
    <ClInclude Include="include\compiler.h">
      <Filter>include</Filter>
    </ClInclude>
    <ClInclude Include="include\coreutil.h">
      <Filter>include</Filter>
    </ClInclude>
    <ClInclude Include="include\dimension2d.h">
      <Filter>include</Filter>
    </ClInclude>
    <ClInclude Include="include\EAttributes.h">
      <Filter>include</Filter>
    </ClInclude>
    <ClInclude Include="include\fast_atof.h">
      <Filter>include</Filter>
    </ClInclude>
    <ClInclude Include="include\heapsort.h">
      <Filter>include</Filter>
    </ClInclude>
    <ClInclude Include="include\IAttributeExchangingObject.h">
      <Filter>include</Filter>
    </ClInclude>
    <ClInclude Include="include\IAttributes.h">
      <Filter>include</Filter>
    </ClInclude>
    <ClInclude Include="include\IFileArchive.h">
      <Filter>include</Filter>
    </ClInclude>
    <ClInclude Include="include\IFileList.h">
      <Filter>include</Filter>
    </ClInclude>
    <ClInclude Include="include\IFileSystem.h">
      <Filter>include</Filter>
    </ClInclude>
    <ClInclude Include="include\ILogger.h">
      <Filter>include</Filter>
    </ClInclude>
    <ClInclude Include="include\IRandomizer.h">
      <Filter>include</Filter>
    </ClInclude>
    <ClInclude Include="include\IReadFile.h">
      <Filter>include</Filter>
    </ClInclude>
    <ClInclude Include="include\IReferenceCounted.h">
      <Filter>include</Filter>
    </ClInclude>
    <ClInclude Include="include\ITimer.h">
      <Filter>include</Filter>
    </ClInclude>
    <ClInclude Include="include\IWriteFile.h">
      <Filter>include</Filter>
    </ClInclude>
    <ClInclude Include="include\IXMLReader.h">
      <Filter>include</Filter>
    </ClInclude>
    <ClInclude Include="include\IXMLWriter.h">
      <Filter>include</Filter>
    </ClInclude>
    <ClInclude Include="include\line2d.h">
      <Filter>include</Filter>
    </ClInclude>
    <ClInclude Include="include\line3d.h">
      <Filter>include</Filter>
    </ClInclude>
    <ClInclude Include="include\matrix4.h">
      <Filter>include</Filter>
    </ClInclude>
    <ClInclude Include="include\path.h">
      <Filter>include</Filter>
    </ClInclude>
    <ClInclude Include="include\plane3d.h">
      <Filter>include</Filter>
    </ClInclude>
    <ClInclude Include="include\position2d.h">
      <Filter>include</Filter>
    </ClInclude>
    <ClInclude Include="include\quaternion.h">
      <Filter>include</Filter>
    </ClInclude>
    <ClInclude Include="include\rect.h">
      <Filter>include</Filter>
    </ClInclude>
    <ClInclude Include="include\SColor.h">
      <Filter>include</Filter>
    </ClInclude>
    <ClInclude Include="include\triangle3d.h">
      <Filter>include</Filter>
    </ClInclude>
    <ClInclude Include="include\vector2d.h">
      <Filter>include</Filter>
    </ClInclude>
    <ClInclude Include="include\vector3d.h">
      <Filter>include</Filter>
    </ClInclude>
    <ClInclude Include="include\venus.h">
      <Filter>include</Filter>
    </ClInclude>
    <ClInclude Include="include\venusArray.h">
      <Filter>include</Filter>
    </ClInclude>
    <ClInclude Include="include\venusList.h">
      <Filter>include</Filter>
    </ClInclude>
    <ClInclude Include="include\venusMap.h">
      <Filter>include</Filter>
    </ClInclude>
    <ClInclude Include="include\venusMath.h">
      <Filter>include</Filter>
    </ClInclude>
    <ClInclude Include="include\venusString.h">
      <Filter>include</Filter>
    </ClInclude>
    <ClInclude Include="include\venusTypes.h">
      <Filter>include</Filter>
    </ClInclude>
    <ClInclude Include="include\venusUnpack.h">
      <Filter>include</Filter>
    </ClInclude>
    <ClInclude Include="include\venusXML.h">
      <Filter>include</Filter>
    </ClInclude>
    <ClInclude Include="include\TAllocator.h">
      <Filter>include</Filter>
    </ClInclude>
    <ClInclude Include="include\venusMutex.h">
      <Filter>include</Filter>
    </ClInclude>
    <ClInclude Include="include\venusThread.h">
      <Filter>include</Filter>
    </ClInclude>
    <ClInclude Include="Statistics.h">
      <Filter>source</Filter>
    </ClInclude>
    <ClInclude Include="include\archive.h">
      <Filter>include</Filter>
    </ClInclude>
    <ClInclude Include="include\streamReader.h">
      <Filter>include</Filter>
    </ClInclude>
    <ClInclude Include="include\streamWriter.h">
      <Filter>include</Filter>
    </ClInclude>
  </ItemGroup>
</Project>